# This file is automatically @generated by Poetry 2.1.1 and should not be changed by hand.

[[package]]
name = "tapo"
version = "0.8.1"
description = "Unofficial Tapo API Client. Works with TP-Link Tapo smart devices. Tested with light bulbs (L510, L520, L530, L535, L610, L630), light strips (L900, L920, L930), plugs (P100, P105, P110, P115), power strips (P300, P304), hubs (H100), switches (S200B) and sensors (KE100, T100, T110, T300, T310, T315)."
optional = false
python-versions = ">=3.8"
groups = ["main"]
files = [
    {file = "tapo-0.8.1-cp310-cp310-manylinux_2_17_aarch64.manylinux2014_aarch64.whl", hash = "sha256:d2cbc4a654531c16471356ec8b385c0cf9134c83984e1992ff5257f8c1f8dc4d"},
    {file = "tapo-0.8.1-cp310-cp310-manylinux_2_17_armv7l.manylinux2014_armv7l.whl", hash = "sha256:478ab0c49ae2c5a5588d473df273e5f3a5393e5e165516e958eb1df16ef344b9"},
    {file = "tapo-0.8.1-cp310-cp310-manylinux_2_17_i686.manylinux2014_i686.whl", hash = "sha256:11998c84e93c643fcac9ff696d3efc6e522e33c81de26a568d28dfa3cce7c216"},
    {file = "tapo-0.8.1-cp310-cp310-manylinux_2_17_ppc64le.manylinux2014_ppc64le.whl", hash = "sha256:c7ed00fd9985472bbba3a59b58d3a6a15947cecad607fa4cd6ad0a9f9d1d79d3"},
    {file = "tapo-0.8.1-cp310-cp310-manylinux_2_17_s390x.manylinux2014_s390x.whl", hash = "sha256:9b50671803caecc8e7dd09a2707e13cee0e6b6f15319e96e9d478a09255564d2"},
    {file = "tapo-0.8.1-cp310-cp310-manylinux_2_17_x86_64.manylinux2014_x86_64.whl", hash = "sha256:510d03307766723ee1c73d07b683b4252cc784ba31111c3f2874175e0e36ef4e"},
    {file = "tapo-0.8.1-cp310-cp310-musllinux_1_2_aarch64.whl", hash = "sha256:cccd402b1c7648ea0394cb82e30fde40c3e0061e49b3b9974a87b3145edf8b33"},
    {file = "tapo-0.8.1-cp310-cp310-musllinux_1_2_armv7l.whl", hash = "sha256:f53a30793a7e15e9cd8a30e7bf2d3949a874a05c98b70e765826380c4055a664"},
    {file = "tapo-0.8.1-cp310-cp310-musllinux_1_2_i686.whl", hash = "sha256:d31ab0f79c20996d11364afb4cb80417d2c0a283dc17fc23993da8a39ae37e43"},
    {file = "tapo-0.8.1-cp310-cp310-musllinux_1_2_x86_64.whl", hash = "sha256:c6a54ca62a88fa7e75a133fb6a6b275ad1f18f10ed8c0fc90cb1e5c9e691916a"},
    {file = "tapo-0.8.1-cp310-cp310-win32.whl", hash = "sha256:6dc79c1c4238e679f3ed0d12ca8cfbd185c833ff77b950f57fa25306344d06cb"},
    {file = "tapo-0.8.1-cp310-cp310-win_amd64.whl", hash = "sha256:098c0678ca066afd59bac9a38778c78ba8a472e1a99c0b3219f8d5848101b0f7"},
    {file = "tapo-0.8.1-cp311-cp311-macosx_10_12_x86_64.whl", hash = "sha256:edd1abd0adb2c92e722762b293d2692af055f29390ec34809655be8cd36f555e"},
    {file = "tapo-0.8.1-cp311-cp311-macosx_11_0_arm64.whl", hash = "sha256:a5709c302ee720d425fd28ca723da1d8880d384982455affc9a5c43a5e2287f3"},
    {file = "tapo-0.8.1-cp311-cp311-manylinux_2_17_aarch64.manylinux2014_aarch64.whl", hash = "sha256:21a16c2b76861c05e03758ba67bed1499d6e8ab16234bfea0e40a72e27ca0ec2"},
    {file = "tapo-0.8.1-cp311-cp311-manylinux_2_17_armv7l.manylinux2014_armv7l.whl", hash = "sha256:bf01f6dc4eff4a738027b1a9cf63a6ba51623ab79d10c36aba00dbc49389d516"},
    {file = "tapo-0.8.1-cp311-cp311-manylinux_2_17_i686.manylinux2014_i686.whl", hash = "sha256:929fd0e81445a91038dc6ff4ac4fea8fd72efee7d9312e61f6e6b623a724f168"},
    {file = "tapo-0.8.1-cp311-cp311-manylinux_2_17_ppc64le.manylinux2014_ppc64le.whl", hash = "sha256:b5e8b2248ae2c418deb0449280b53f59cc24eb4cd53defc7c66e50c546b0c188"},
    {file = "tapo-0.8.1-cp311-cp311-manylinux_2_17_s390x.manylinux2014_s390x.whl", hash = "sha256:90ba1dd7e81598ebd9b47cd3acd5b468cee2e130c10cd94ebcdbd86ab0431df2"},
    {file = "tapo-0.8.1-cp311-cp311-manylinux_2_17_x86_64.manylinux2014_x86_64.whl", hash = "sha256:9833e2de6ff923d70a2057f7a65a598fe3345c4900adfcad9f8995fb8d7125f5"},
    {file = "tapo-0.8.1-cp311-cp311-musllinux_1_2_aarch64.whl", hash = "sha256:7841c3b1f99c3db7d94f48d7e535a77a48525cacff54d9252fd453ad6f9f40ad"},
    {file = "tapo-0.8.1-cp311-cp311-musllinux_1_2_armv7l.whl", hash = "sha256:f74959a8d73b9bebd75e55d35a00e6b96f6e18ba1c2c6f35c6784d838ce789a5"},
    {file = "tapo-0.8.1-cp311-cp311-musllinux_1_2_i686.whl", hash = "sha256:e025b9c6aa1eaca9f4119a4221ae9b2b74a2371ec8450a369e92683e7f3e0c3b"},
    {file = "tapo-0.8.1-cp311-cp311-musllinux_1_2_x86_64.whl", hash = "sha256:5db92c7a6d30ad62ccb9b51d0e08e91d32466b143ffe0b5c07709441483ee1ca"},
    {file = "tapo-0.8.1-cp311-cp311-win32.whl", hash = "sha256:89c7776063d38848e93b12dc8db76f5ce347dceb7c3c4b3828cd19ba3869d490"},
    {file = "tapo-0.8.1-cp311-cp311-win_amd64.whl", hash = "sha256:68c70d7a8cb38df8a63657c383b880ad622ecdefc81b6620f99a1fb010b888b2"},
    {file = "tapo-0.8.1-cp312-cp312-macosx_10_12_x86_64.whl", hash = "sha256:bd26dcb548f9ad9a6d8e485ca6e22ebdb9d099790e26b3561085d1314208b390"},
    {file = "tapo-0.8.1-cp312-cp312-macosx_11_0_arm64.whl", hash = "sha256:ac2a0b2859f575dc109dad73590e409fc960340a1f7db24256427fc2766a6e91"},
    {file = "tapo-0.8.1-cp312-cp312-manylinux_2_17_aarch64.manylinux2014_aarch64.whl", hash = "sha256:2cecd867a57f74d663554cf831ed578a71b78837e6ce1cdc6ffb9cdceaac7c59"},
    {file = "tapo-0.8.1-cp312-cp312-manylinux_2_17_armv7l.manylinux2014_armv7l.whl", hash = "sha256:296e8fecae364dc2b990feab22c077a5b901e3c10a089d08a4bd327710758f7b"},
    {file = "tapo-0.8.1-cp312-cp312-manylinux_2_17_i686.manylinux2014_i686.whl", hash = "sha256:7cd0415a680508e4dd6019fb64e0f0463bc1e63f8b11d1b69311026035917d47"},
    {file = "tapo-0.8.1-cp312-cp312-manylinux_2_17_ppc64le.manylinux2014_ppc64le.whl", hash = "sha256:3ea1e0ec940fac5741be0bd5dff665acbe16a1db563105ef516af26c5869bc15"},
    {file = "tapo-0.8.1-cp312-cp312-manylinux_2_17_s390x.manylinux2014_s390x.whl", hash = "sha256:1d6269716852666da7737463b28e9e78c528787347b5dd20ae41ec435e1383c1"},
    {file = "tapo-0.8.1-cp312-cp312-manylinux_2_17_x86_64.manylinux2014_x86_64.whl", hash = "sha256:7273c64f20b24851b93d52c9e588de75a84e55c00ce597820a63dc59d9614bef"},
    {file = "tapo-0.8.1-cp312-cp312-musllinux_1_2_aarch64.whl", hash = "sha256:bbf1fa3afdbae89f1c50c5d9a779bdf1d37aec2699bbc94179beaf7e27f39a4f"},
    {file = "tapo-0.8.1-cp312-cp312-musllinux_1_2_armv7l.whl", hash = "sha256:22aaef008c67838eaf0bff3b6aeff2cf04ad55bc1ddbe1eb4df5c2b9e04ff676"},
    {file = "tapo-0.8.1-cp312-cp312-musllinux_1_2_i686.whl", hash = "sha256:478756bcfa1681262242c81a405fa269b08e468f5b63313bc412e009598c2fd3"},
    {file = "tapo-0.8.1-cp312-cp312-musllinux_1_2_x86_64.whl", hash = "sha256:088614e495540d82c1d6d25988ad7c362ce63cdd65c6e6ac882f12e1b9b06b1f"},
    {file = "tapo-0.8.1-cp312-cp312-win32.whl", hash = "sha256:a3d5fb7a26146945eb1edfb873f5a4154634e5ea7b3959cb718e0d6caff41dea"},
    {file = "tapo-0.8.1-cp312-cp312-win_amd64.whl", hash = "sha256:1dabefbf0b692d49be4976270dc40abd6ce2b5f44ac519543d0b361d03fb02bc"},
    {file = "tapo-0.8.1-cp313-cp313-macosx_10_12_x86_64.whl", hash = "sha256:5b9c6c2395ca120678748c25d3017ed65faa1f5a5ac6d9787a987abc977b6c4f"},
    {file = "tapo-0.8.1-cp313-cp313-macosx_11_0_arm64.whl", hash = "sha256:adf69f6c16b04e75fab56d17dc11c95385bd89b134704947ba600b684d4638ec"},
    {file = "tapo-0.8.1-cp313-cp313-manylinux_2_17_aarch64.manylinux2014_aarch64.whl", hash = "sha256:2395804176ce327470b95f69028e4bcc357a60907a86c65a2e1fae235c255449"},
    {file = "tapo-0.8.1-cp313-cp313-manylinux_2_17_armv7l.manylinux2014_armv7l.whl", hash = "sha256:f84765fe9459a3c486099d262be69db535891dd807bda88b1c46113eb91b2ca5"},
    {file = "tapo-0.8.1-cp313-cp313-manylinux_2_17_i686.manylinux2014_i686.whl", hash = "sha256:16241de30367592983c8bc4580f52db5ac216c5036a12ce0d932d96e1d93e983"},
    {file = "tapo-0.8.1-cp313-cp313-manylinux_2_17_ppc64le.manylinux2014_ppc64le.whl", hash = "sha256:cb80422983f8dedee07feeb6ca1f199acae95ae96778508651b1b8854ef8ddf0"},
    {file = "tapo-0.8.1-cp313-cp313-manylinux_2_17_s390x.manylinux2014_s390x.whl", hash = "sha256:1b3dc8e90241d9ccc2aa6f28394fa5b7e833bc8218caef3ae105664c326f2f77"},
    {file = "tapo-0.8.1-cp313-cp313-manylinux_2_17_x86_64.manylinux2014_x86_64.whl", hash = "sha256:452d0cd3d58c72e1b17c5876490bd1e6b696f29fe040f3ed592ef8cf3bf2f134"},
    {file = "tapo-0.8.1-cp313-cp313-musllinux_1_2_aarch64.whl", hash = "sha256:3c066d4e477ab2988fa44b8f33002816942ab4220ba6a77ec19ba3cb6e45c99f"},
    {file = "tapo-0.8.1-cp313-cp313-musllinux_1_2_armv7l.whl", hash = "sha256:14d3b8cef996f2840a22d7e9f6c9fe37fe85bb4be58b021e865920362cf26a24"},
    {file = "tapo-0.8.1-cp313-cp313-musllinux_1_2_i686.whl", hash = "sha256:54374199f80f9203e49a6f27168578ede8662fad67b96cd65d6a28e3b3a082a7"},
    {file = "tapo-0.8.1-cp313-cp313-musllinux_1_2_x86_64.whl", hash = "sha256:7e168bae6d0ab707231b754e7e9bea06c799699eed275e8ed22c186dae1b7114"},
    {file = "tapo-0.8.1-cp313-cp313-win32.whl", hash = "sha256:92a9c0880accd3fb5e7f6f6e4d29650c52402c2466e991512506cb8ecbd4fa17"},
    {file = "tapo-0.8.1-cp313-cp313-win_amd64.whl", hash = "sha256:a527a8084468a4ab7e000c4f9f0416193d94d8a979ebe1972590af9795365c05"},
    {file = "tapo-0.8.1-cp313-cp313t-manylinux_2_17_aarch64.manylinux2014_aarch64.whl", hash = "sha256:4faf0fac8665eb4d9e28cde1eeba815ab209125cb383876207189eabadfd6283"},
    {file = "tapo-0.8.1-cp313-cp313t-manylinux_2_17_armv7l.manylinux2014_armv7l.whl", hash = "sha256:c1cc8e0552045767b9859af64a6565b21d37b2b605edfb4e520c5ebc0f84ce6c"},
    {file = "tapo-0.8.1-cp313-cp313t-manylinux_2_17_ppc64le.manylinux2014_ppc64le.whl", hash = "sha256:234848274a8873b0ce3b0697f08147e14b4ae7820ed8ed95356d24269e749088"},
    {file = "tapo-0.8.1-cp313-cp313t-manylinux_2_17_s390x.manylinux2014_s390x.whl", hash = "sha256:b62231dbeae94b18be5ccc8dfefd33380332372f9eb8080f90b66d3ff65d831c"},
    {file = "tapo-0.8.1-cp313-cp313t-musllinux_1_2_aarch64.whl", hash = "sha256:fe5b7d77be25714604b7f9baae18faf631c9482c677b62d1d5001370cd45e04d"},
    {file = "tapo-0.8.1-cp313-cp313t-musllinux_1_2_armv7l.whl", hash = "sha256:94b86df28568a2fffa37dc98930b66f02cfe6eb8f5ef5beecb2be2b18cfc1e14"},
    {file = "tapo-0.8.1-cp313-cp313t-musllinux_1_2_i686.whl", hash = "sha256:22263da718cd79bb295a63a7ec0453cd368e0024bb8850f3eb28427f21ade497"},
    {file = "tapo-0.8.1-cp313-cp313t-musllinux_1_2_x86_64.whl", hash = "sha256:05de799912f68da0d59e6b6878abfe49450b76ec18fffae33cba5476eb429160"},
    {file = "tapo-0.8.1-cp38-cp38-manylinux_2_17_aarch64.manylinux2014_aarch64.whl", hash = "sha256:5c59139fcd7736b6289480c82e42aeb57807ade25dd741c2c161257e15812a7b"},
    {file = "tapo-0.8.1-cp38-cp38-manylinux_2_17_armv7l.manylinux2014_armv7l.whl", hash = "sha256:7559dc0d18f65ae6d0364c1821e54f3e2d902869cf75d9c4899dec7ab2b1c271"},
    {file = "tapo-0.8.1-cp38-cp38-manylinux_2_17_i686.manylinux2014_i686.whl", hash = "sha256:cd06219cc09b6b6305e311087d98fd6639aaa44ae36d6b21eea34bd54b035626"},
    {file = "tapo-0.8.1-cp38-cp38-manylinux_2_17_ppc64le.manylinux2014_ppc64le.whl", hash = "sha256:9cbd767e305e047bbf1ba8a331e4aa8f8ee65b7546933d1a20bd6866d7e43b38"},
    {file = "tapo-0.8.1-cp38-cp38-manylinux_2_17_s390x.manylinux2014_s390x.whl", hash = "sha256:66e708b87a02b716e4c30ad9c61d73d728c4b225c8369e3c291b5d7c9b856b49"},
    {file = "tapo-0.8.1-cp38-cp38-manylinux_2_17_x86_64.manylinux2014_x86_64.whl", hash = "sha256:2af01647e679cecf687aa2e1f4893ead880fbe8d29c4f18756d24ca449ca39b3"},
    {file = "tapo-0.8.1-cp38-cp38-musllinux_1_2_aarch64.whl", hash = "sha256:4820105f1b245cc82a9654e45204e9e4f4277a7a88979b878e48802d57546106"},
    {file = "tapo-0.8.1-cp38-cp38-musllinux_1_2_armv7l.whl", hash = "sha256:495d8fc0e56030ae511f5228c8b13d69b7cdaefae77cc67d8f0752e673404347"},
    {file = "tapo-0.8.1-cp38-cp38-musllinux_1_2_i686.whl", hash = "sha256:e4c153614e6fe18e65f5df04b6aa4529460e740fa13b9d70d1c74062a092f36e"},
    {file = "tapo-0.8.1-cp38-cp38-musllinux_1_2_x86_64.whl", hash = "sha256:e4f9eee964d427649fa2de4de9010e7377846bf472e8800848c3c04d0d1efa4f"},
    {file = "tapo-0.8.1-cp38-cp38-win32.whl", hash = "sha256:b0436be47ab79ec6afb1ca87e714df1bb49dfefc4f54e8d8057b36ec49cf93a1"},
    {file = "tapo-0.8.1-cp38-cp38-win_amd64.whl", hash = "sha256:6957329661640f83818d87a043b090427650535e0c06388ed0dcdf4cf5bdbaa0"},
    {file = "tapo-0.8.1-cp39-cp39-manylinux_2_17_aarch64.manylinux2014_aarch64.whl", hash = "sha256:e115a74e6521d2fe6ba922c95e50e8b6a7d04d4d5c86552e596922c212e67aeb"},
    {file = "tapo-0.8.1-cp39-cp39-manylinux_2_17_armv7l.manylinux2014_armv7l.whl", hash = "sha256:895a41d83ffe377534f9c2ecc0e4be83c1d9c55f1710eba1a643a6a08cd13778"},
    {file = "tapo-0.8.1-cp39-cp39-manylinux_2_17_i686.manylinux2014_i686.whl", hash = "sha256:269b18ca61fea9b5af17c1e26f647c4a71747aab215327859a037f6936b016a1"},
    {file = "tapo-0.8.1-cp39-cp39-manylinux_2_17_ppc64le.manylinux2014_ppc64le.whl", hash = "sha256:1907f6f9815679c609ee78743dd22116335b2e6a8688b85f867bf7b3aec24d2e"},
    {file = "tapo-0.8.1-cp39-cp39-manylinux_2_17_s390x.manylinux2014_s390x.whl", hash = "sha256:dee71b8dbb07a2fb079a3b6427b580602fb7357e4304434d5dde1c02a6bf4174"},
    {file = "tapo-0.8.1-cp39-cp39-manylinux_2_17_x86_64.manylinux2014_x86_64.whl", hash = "sha256:7f404fee14eff7eab6cc6fecd7c5a2198f9c5623ec784ab7d052e1158079de44"},
    {file = "tapo-0.8.1-cp39-cp39-musllinux_1_2_aarch64.whl", hash = "sha256:12ca9270286fecdf13bca9dec2033ec205bb19ac698f005c1471243a27dfe6a1"},
    {file = "tapo-0.8.1-cp39-cp39-musllinux_1_2_armv7l.whl", hash = "sha256:8455ea59b88d64440542df34cfb4c8e444b3ba4c51a1f796e6814aeaafa577e8"},
    {file = "tapo-0.8.1-cp39-cp39-musllinux_1_2_i686.whl", hash = "sha256:21fed44bc7d21dc9e451dc997c36564271c453cbd52d461a6060471a2c5e3fd2"},
    {file = "tapo-0.8.1-cp39-cp39-musllinux_1_2_x86_64.whl", hash = "sha256:a3b26d57048eafe563efe1966e6efe5600ef8cd46ab2df3ce932d41260d561d4"},
    {file = "tapo-0.8.1-cp39-cp39-win32.whl", hash = "sha256:aae5d147430df6217187b93179ce1c0d37c630264dcbb6c12c3f81b22c39663d"},
    {file = "tapo-0.8.1-cp39-cp39-win_amd64.whl", hash = "sha256:cfc70f294cc6621cb62fdb920dce0befae93d145aae094f6055ae35e30afa952"},
    {file = "tapo-0.8.1-pp310-pypy310_pp73-manylinux_2_17_aarch64.manylinux2014_aarch64.whl", hash = "sha256:672ea039f81c2a5bbad67cf9b6b4fd17433d923ab4b7ea40d70ad967630636c5"},
    {file = "tapo-0.8.1-pp310-pypy310_pp73-manylinux_2_17_armv7l.manylinux2014_armv7l.whl", hash = "sha256:0d8de6a0975907f569cc82612d1412856206f5cc196d112fb5c178a1c94c523a"},
    {file = "tapo-0.8.1-pp310-pypy310_pp73-manylinux_2_17_i686.manylinux2014_i686.whl", hash = "sha256:a0a6feb7a7cabc186802f2c4747bb3058b1e6cefa317ad532bfa04d2b79321c2"},
    {file = "tapo-0.8.1-pp310-pypy310_pp73-manylinux_2_17_ppc64le.manylinux2014_ppc64le.whl", hash = "sha256:29f73e9c5434ae719d9b4b1839df00fd28cbbfc4e7e40a6f91e18d3675261d12"},
    {file = "tapo-0.8.1-pp310-pypy310_pp73-manylinux_2_17_s390x.manylinux2014_s390x.whl", hash = "sha256:1aac1dd7f0ac23d48b81013daca3319b7157d76652bb48fa9ed09d2c1c9056cc"},
    {file = "tapo-0.8.1-pp310-pypy310_pp73-manylinux_2_17_x86_64.manylinux2014_x86_64.whl", hash = "sha256:e2beb86f797f91b98e45e22bcd8031f2134b4e176fb2ea064b6a62960f3af6e8"},
    {file = "tapo-0.8.1-pp310-pypy310_pp73-musllinux_1_2_aarch64.whl", hash = "sha256:e1bac8d463c344876869f832af0275a7fb048530041c99bde33c195036e92415"},
    {file = "tapo-0.8.1-pp310-pypy310_pp73-musllinux_1_2_armv7l.whl", hash = "sha256:69283163c1a29f8db5e5ebecc14da0729c93019fdc883fec848f1945f6ce53ea"},
    {file = "tapo-0.8.1-pp310-pypy310_pp73-musllinux_1_2_i686.whl", hash = "sha256:43434980416976670d433f84b99ceeaa2b3149b0058dfa235848723b9a865a5b"},
    {file = "tapo-0.8.1-pp310-pypy310_pp73-musllinux_1_2_x86_64.whl", hash = "sha256:fab9ab3d0fba3241916a23d53efb57834df5432f1ab0c335b5cfb39383a77e5d"},
    {file = "tapo-0.8.1-pp39-pypy39_pp73-manylinux_2_17_aarch64.manylinux2014_aarch64.whl", hash = "sha256:d09183e5e5327423331c69fffebcd1b75b2237b70fa4dd292c3f442e6ea55f8f"},
    {file = "tapo-0.8.1-pp39-pypy39_pp73-manylinux_2_17_armv7l.manylinux2014_armv7l.whl", hash = "sha256:a56f46bcad97ad487ecbc345a8f6bab0ac529acd1ec3fcdfe0fd1edc581af51c"},
    {file = "tapo-0.8.1-pp39-pypy39_pp73-manylinux_2_17_ppc64le.manylinux2014_ppc64le.whl", hash = "sha256:6e32d1bb215cca262157abf7b7a57b2582eac70619ef0c1a0ab06662d82dca84"},
    {file = "tapo-0.8.1-pp39-pypy39_pp73-manylinux_2_17_s390x.manylinux2014_s390x.whl", hash = "sha256:fc81bbad6e7ab1ace0568980c894910817df19db50ed972a1ee69fe532781161"},
    {file = "tapo-0.8.1-pp39-pypy39_pp73-musllinux_1_2_aarch64.whl", hash = "sha256:4f8a548402b0c2a07345d63608194dbdcca7752e5042d198a5af761da440504c"},
    {file = "tapo-0.8.1-pp39-pypy39_pp73-musllinux_1_2_armv7l.whl", hash = "sha256:eeb070853a52d8241cda40e476ee4977ba196415b9276a80d2a86c4199935a13"},
    {file = "tapo-0.8.1-pp39-pypy39_pp73-musllinux_1_2_i686.whl", hash = "sha256:3ca8086d09fe99f6a84f29d0d833e20842710abf954a23367ae19574058678e3"},
    {file = "tapo-0.8.1-pp39-pypy39_pp73-musllinux_1_2_x86_64.whl", hash = "sha256:a5fbbb1c76dd0df28fe5414a054b3b2bd483fb42ebd9712e67a8d39c68b70d27"},
    {file = "tapo-0.8.1.tar.gz", hash = "sha256:87cc468c92ccac3765cb90d2de04f53a6d9cb248e23cc0ea6c16a0305125b61f"},
]

[metadata]
lock-version = "2.1"
python-versions = ">=3.13"
content-hash = "37e0cbf2b0d07b26f8c573a5f0da2314f6feb8faba1f11ff73518129a86e606b"
